<?xml version="1.0" encoding="utf-8"?>
<Project ToolsVersion="4.0" xmlns="http://schemas.microsoft.com/developer/msbuild/2003">
  <ItemGroup>
    <Filter Include="Zdrojové soubory">
      <UniqueIdentifier>{4FC737F1-C7A5-4376-A066-2A32D752A2FF}</UniqueIdentifier>
      <Extensions>cpp;c;cc;cxx;c++;cppm;ixx;def;odl;idl;hpj;bat;asm;asmx</Extensions>
    </Filter>
    <Filter Include="Hlavičkové soubory">
      <UniqueIdentifier>{93995380-89BD-4b04-88EB-625FBE52EBFB}</UniqueIdentifier>
      <Extensions>h;hh;hpp;hxx;h++;hm;inl;inc;ipp;xsd</Extensions>
    </Filter>
    <Filter Include="Soubory zdrojů">
      <UniqueIdentifier>{67DA6AB6-F800-4c08-8B7A-83BB121AAD01}</UniqueIdentifier>
      <Extensions>rc;ico;cur;bmp;dlg;rc2;rct;bin;rgs;gif;jpg;jpeg;jpe;resx;tiff;tif;png;wav;mfcribbon-ms</Extensions>
    </Filter>
    <Filter Include="Hlavičkové soubory\Scene">
      <UniqueIdentifier>{271cc4a3-482a-4b67-a364-5aaeb4cb7759}</UniqueIdentifier>
    </Filter>
    <Filter Include="Hlavičkové soubory\Models">
      <UniqueIdentifier>{55927f07-c482-4bfc-8d85-62321cfc8fa5}</UniqueIdentifier>
    </Filter>
    <Filter Include="Hlavičkové soubory\ObjectsManagment">
      <UniqueIdentifier>{01a126b8-9016-44b4-b3c0-0b4200b36878}</UniqueIdentifier>
    </Filter>
    <Filter Include="Hlavičkové soubory\ShadersManagment">
      <UniqueIdentifier>{ed5bf34f-ac67-43c6-b424-f5497b97f8be}</UniqueIdentifier>
    </Filter>
    <Filter Include="Zdrojové soubory\Input">
      <UniqueIdentifier>{c1b80619-f72c-4ff0-9f3e-525bbf5f67fd}</UniqueIdentifier>
    </Filter>
    <Filter Include="Zdrojové soubory\Scene">
      <UniqueIdentifier>{f4f88553-4746-4cb7-98b5-b7ff6ae71f7e}</UniqueIdentifier>
    </Filter>
    <Filter Include="Zdrojové soubory\ShaderManagment">
      <UniqueIdentifier>{95f9d56f-6117-4c7b-a706-df5b0f72a391}</UniqueIdentifier>
    </Filter>
    <Filter Include="Zdrojové soubory\ObjectsManagment">
      <UniqueIdentifier>{ba80b3c4-f6ef-4464-8250-bd3c4aa8060d}</UniqueIdentifier>
    </Filter>
    <Filter Include="Hlavičkové soubory\LightManagment">
      <UniqueIdentifier>{eeb38c17-fa2a-4ad2-87f0-b186d3f45218}</UniqueIdentifier>
    </Filter>
    <Filter Include="Zdrojové soubory\LightManagment">
      <UniqueIdentifier>{6302f0f5-3059-44c9-a62c-80bc113b05a7}</UniqueIdentifier>
    </Filter>
  </ItemGroup>
  <ItemGroup>
    <ClCompile Include="main.cpp">
      <Filter>Zdrojové soubory</Filter>
    </ClCompile>
    <ClCompile Include="Triangle.cpp">
      <Filter>Zdrojové soubory\ObjectsManagment</Filter>
    </ClCompile>
    <ClCompile Include="Quad.cpp">
      <Filter>Zdrojové soubory\ObjectsManagment</Filter>
    </ClCompile>
    <ClCompile Include="ObjectManager.cpp">
      <Filter>Zdrojové soubory\ObjectsManagment</Filter>
    </ClCompile>
    <ClCompile Include="ObjectFactory.cpp">
      <Filter>Zdrojové soubory\ObjectsManagment</Filter>
    </ClCompile>
    <ClCompile Include="AbstractObject.cpp">
      <Filter>Zdrojové soubory\ObjectsManagment</Filter>
    </ClCompile>
    <ClCompile Include="Model.cpp">
      <Filter>Zdrojové soubory\ObjectsManagment</Filter>
    </ClCompile>
    <ClCompile Include="ShaderFactory.cpp">
      <Filter>Zdrojové soubory\ShaderManagment</Filter>
    </ClCompile>
    <ClCompile Include="ShaderManager.cpp">
      <Filter>Zdrojové soubory\ShaderManagment</Filter>
    </ClCompile>
    <ClCompile Include="Transformations.cpp">
      <Filter>Zdrojové soubory\ObjectsManagment</Filter>
    </ClCompile>
    <ClCompile Include="Camera.cpp">
      <Filter>Zdrojové soubory</Filter>
    </ClCompile>
    <ClCompile Include="Game.cpp">
      <Filter>Zdrojové soubory</Filter>
    </ClCompile>
    <ClCompile Include="WindowInitializer.cpp">
      <Filter>Zdrojové soubory</Filter>
    </ClCompile>
    <ClCompile Include="Scene.cpp">
      <Filter>Zdrojové soubory\Scene</Filter>
    </ClCompile>
    <ClCompile Include="SceneFactory.cpp">
      <Filter>Zdrojové soubory\Scene</Filter>
    </ClCompile>
    <ClCompile Include="SceneManager.cpp">
      <Filter>Zdrojové soubory\Scene</Filter>
    </ClCompile>
    <ClCompile Include="Controller.cpp">
      <Filter>Zdrojové soubory\Input</Filter>
    </ClCompile>
    <ClCompile Include="TextureObject.cpp">
      <Filter>Zdrojové soubory\ObjectsManagment</Filter>
    </ClCompile>
    <ClCompile Include="TextureManager.cpp">
      <Filter>Zdrojové soubory\ObjectsManagment</Filter>
    </ClCompile>
    <ClCompile Include="Light.cpp">
      <Filter>Zdrojové soubory\LightManagment</Filter>
    </ClCompile>
    <ClCompile Include="LightManager.cpp">
      <Filter>Zdrojové soubory\LightManagment</Filter>
    </ClCompile>
    <ClCompile Include="LightObject.cpp">
      <Filter>Zdrojové soubory\ObjectsManagment</Filter>
    </ClCompile>
    <ClCompile Include="ConstantShader.cpp">
      <Filter>Zdrojové soubory\ShaderManagment</Filter>
    </ClCompile>
    <ClCompile Include="AbstractShader.cpp">
      <Filter>Zdrojové soubory\ShaderManagment</Filter>
    </ClCompile>
    <ClCompile Include="TextureShader.cpp">
      <Filter>Zdrojové soubory\ShaderManagment</Filter>
    </ClCompile>
    <ClCompile Include="PhongShader.cpp">
      <Filter>Zdrojové soubory\ShaderManagment</Filter>
    </ClCompile>
    <ClCompile Include="LambertShader.cpp">
      <Filter>Zdrojové soubory\ShaderManagment</Filter>
    </ClCompile>
  </ItemGroup>
  <ItemGroup>
    <ClInclude Include="ObjectFactory.h">
      <Filter>Hlavičkové soubory\ObjectsManagment</Filter>
    </ClInclude>
    <ClInclude Include="AbstractObject.h">
      <Filter>Hlavičkové soubory\ObjectsManagment</Filter>
    </ClInclude>
    <ClInclude Include="ObjectManager.h">
      <Filter>Hlavičkové soubory\ObjectsManagment</Filter>
    </ClInclude>
    <ClInclude Include="Triangle.h">
      <Filter>Hlavičkové soubory\ObjectsManagment</Filter>
    </ClInclude>
    <ClInclude Include="Quad.h">
      <Filter>Hlavičkové soubory\ObjectsManagment</Filter>
    </ClInclude>
    <ClInclude Include="plain.h">
      <Filter>Hlavičkové soubory\Models</Filter>
    </ClInclude>
    <ClInclude Include="sphere.h">
      <Filter>Hlavičkové soubory\Models</Filter>
    </ClInclude>
    <ClInclude Include="suzi_flat.h">
      <Filter>Hlavičkové soubory\Models</Filter>
    </ClInclude>
    <ClInclude Include="suzi_smooth.h">
      <Filter>Hlavičkové soubory\Models</Filter>
    </ClInclude>
    <ClInclude Include="Model.h">
      <Filter>Hlavičkové soubory\ObjectsManagment</Filter>
    </ClInclude>
    <ClInclude Include="ShaderFactory.h">
      <Filter>Hlavičkové soubory\ShadersManagment</Filter>
    </ClInclude>
    <ClInclude Include="ShaderManager.h">
      <Filter>Hlavičkové soubory\ShadersManagment</Filter>
    </ClInclude>
    <ClInclude Include="Transformations.h">
      <Filter>Hlavičkové soubory\ObjectsManagment</Filter>
    </ClInclude>
    <ClInclude Include="tree.h">
      <Filter>Hlavičkové soubory\Models</Filter>
    </ClInclude>
    <ClInclude Include="Camera.h">
      <Filter>Hlavičkové soubory</Filter>
    </ClInclude>
    <ClInclude Include="Game.h">
      <Filter>Hlavičkové soubory</Filter>
    </ClInclude>
    <ClInclude Include="WindowInitializer.h">
      <Filter>Hlavičkové soubory</Filter>
    </ClInclude>
    <ClInclude Include="SceneFactory.h">
      <Filter>Hlavičkové soubory\Scene</Filter>
    </ClInclude>
    <ClInclude Include="SceneManager.h">
      <Filter>Hlavičkové soubory\Scene</Filter>
    </ClInclude>
    <ClInclude Include="Scene.h">
      <Filter>Hlavičkové soubory\Scene</Filter>
    </ClInclude>
    <ClInclude Include="plainTexture.h">
      <Filter>Hlavičkové soubory\Models</Filter>
    </ClInclude>
    <ClInclude Include="Controller.h">
      <Filter>Hlavičkové soubory</Filter>
    </ClInclude>
    <ClInclude Include="TextureObject.h">
      <Filter>Hlavičkové soubory\ObjectsManagment</Filter>
    </ClInclude>
    <ClInclude Include="TextureManager.h">
      <Filter>Hlavičkové soubory\ObjectsManagment</Filter>
    </ClInclude>
    <ClInclude Include="Light.h">
      <Filter>Hlavičkové soubory\LightManagment</Filter>
    </ClInclude>
    <ClInclude Include="LightManager.h">
      <Filter>Hlavičkové soubory\LightManagment</Filter>
    </ClInclude>
    <ClInclude Include="LightObject.h">
      <Filter>Hlavičkové soubory\ObjectsManagment</Filter>
    </ClInclude>
    <ClInclude Include="AbstractShader.h">
      <Filter>Hlavičkové soubory\ShadersManagment</Filter>
    </ClInclude>
    <ClInclude Include="ConstantShader.h">
      <Filter>Hlavičkové soubory\ShadersManagment</Filter>
    </ClInclude>
    <ClInclude Include="TextureShader.h">
      <Filter>Hlavičkové soubory\ShadersManagment</Filter>
    </ClInclude>
    <ClInclude Include="PhongShader.h">
      <Filter>Hlavičkové soubory\ShadersManagment</Filter>
    </ClInclude>
    <ClInclude Include="LambertShader.h">
      <Filter>Hlavičkové soubory\ShadersManagment</Filter>
    </ClInclude>
  </ItemGroup>
  <ItemGroup>
    <None Include="constant.vert">
      <Filter>Soubory zdrojů</Filter>
    </None>
    <None Include="constant.frag">
      <Filter>Soubory zdrojů</Filter>
    </None>
    <None Include="lambert.frag">
      <Filter>Soubory zdrojů</Filter>
    </None>
    <None Include="lambert.vert">
      <Filter>Soubory zdrojů</Filter>
    </None>
    <None Include="phong.vert">
      <Filter>Soubory zdrojů</Filter>
    </None>
    <None Include="phong.frag">
      <Filter>Soubory zdrojů</Filter>
    </None>
    <None Include="texture.frag">
      <Filter>Soubory zdrojů</Filter>
    </None>
    <None Include="texture.vert">
      <Filter>Soubory zdrojů</Filter>
    </None>
  </ItemGroup>
</Project>